# This file is automatically @generated by Cargo.
# It is not intended for manual editing.
# 
version = 3

[[package]]
name = "cc"
version = "1.0.89"
source = "registry+https://github.com/rust-lang/crates.io-index"
checksum = "a0ba8f7aaa012f30d5b2861462f6708eccd49c3c39863fe083a308035f63d723"

[[package]]
name = "md5-asm"
version = "0.5.1"
dependencies = [
 "cc",
]

[[package]]
name = "sha1-asm"
version = "0.5.2"
dependencies = [
 "cc",
]

[[package]]
name = "sha2-asm"
version = "0.6.3"
dependencies = [
 "cc",
]

[[package]]
name = "whirlpool-asm"
version = "0.6.1"
dependencies = [
 "cc",
]
