# This file is automatically @generated by Cargo.
# It is not intended for manual editing.
# 
version = 3

[[package]]
name = "cc"
version = "1.0.86"
source = "registry+https://github.com/rust-lang/crates.io-index"
checksum = "7f9fa1897e4325be0d68d48df6aa1a71ac2ed4d27723887e7754192705350730"

[[package]]
name = "md5-asm"
version = "0.5.1"
dependencies = [
 "cc",
]

[[package]]
name = "sha1-asm"
version = "0.5.2"
dependencies = [
 "cc",
]

[[package]]
name = "sha2-asm"
version = "0.6.3"
dependencies = [
 "cc",
]

[[package]]
name = "whirlpool-asm"
version = "0.6.1"
dependencies = [
 "cc",
]
