# This file is automatically @generated by Cargo.
# It is not intended for manual editing.
# 
version = 3

[[package]]
name = "cc"
version = "1.0.96"
source = "registry+https://github.com/rust-lang/crates.io-index"
checksum = "065a29261d53ba54260972629f9ca6bffa69bac13cd1fed61420f7fa68b9f8bd"

[[package]]
name = "md5-asm"
version = "0.5.2"
dependencies = [
 "cc",
]

[[package]]
name = "sha1-asm"
version = "0.5.3"
dependencies = [
 "cc",
]

[[package]]
name = "sha2-asm"
version = "0.6.4"
dependencies = [
 "cc",
]

[[package]]
name = "whirlpool-asm"
version = "0.6.2"
dependencies = [
 "cc",
]
